// !$*UTF8*$!
{
	archiveVersion = 1;
	classes = {
	};
	objectVersion = 50;
	objects = {

/* Begin PBXBuildFile section */
		22208A9425952BEE0048A8C5 /* coreml_demoApp.swift in Sources */ = {isa = PBXBuildFile; fileRef = 22208A9325952BEE0048A8C5 /* coreml_demoApp.swift */; };
		22208A9625952BEE0048A8C5 /* ContentView.swift in Sources */ = {isa = PBXBuildFile; fileRef = 22208A9525952BEE0048A8C5 /* ContentView.swift */; };
		22208A9825952BF10048A8C5 /* Assets.xcassets in Resources */ = {isa = PBXBuildFile; fileRef = 22208A9725952BF10048A8C5 /* Assets.xcassets */; };
		22208A9B25952BF10048A8C5 /* Preview Assets.xcassets in Resources */ = {isa = PBXBuildFile; fileRef = 22208A9A25952BF10048A8C5 /* Preview Assets.xcassets */; };
		22208AA625952BF20048A8C5 /* coreml_demoTests.swift in Sources */ = {isa = PBXBuildFile; fileRef = 22208AA525952BF20048A8C5 /* coreml_demoTests.swift */; };
		22208AB125952BF20048A8C5 /* coreml_demoUITests.swift in Sources */ = {isa = PBXBuildFile; fileRef = 22208AB025952BF20048A8C5 /* coreml_demoUITests.swift */; };
		22208B21259587510048A8C5 /* bhousing.mlmodel in Sources */ = {isa = PBXBuildFile; fileRef = 22208B20259587510048A8C5 /* bhousing.mlmodel */; };
/* End PBXBuildFile section */

/* Begin PBXContainerItemProxy section */
		22208AA225952BF20048A8C5 /* PBXContainerItemProxy */ = {
			isa = PBXContainerItemProxy;
			containerPortal = 22208A8825952BEE0048A8C5 /* Project object */;
			proxyType = 1;
			remoteGlobalIDString = 22208A8F25952BEE0048A8C5;
			remoteInfo = coreml_demo;
		};
		22208AAD25952BF20048A8C5 /* PBXContainerItemProxy */ = {
			isa = PBXContainerItemProxy;
			containerPortal = 22208A8825952BEE0048A8C5 /* Project object */;
			proxyType = 1;
			remoteGlobalIDString = 22208A8F25952BEE0048A8C5;
			remoteInfo = coreml_demo;
		};
/* End PBXContainerItemProxy section */

/* Begin PBXFileReference section */
		22208A9025952BEE0048A8C5 /* coreml_demo.app */ = {isa = PBXFileReference; explicitFileType = wrapper.application; includeInIndex = 0; path = coreml_demo.app; sourceTree = BUILT_PRODUCTS_DIR; };
		22208A9325952BEE0048A8C5 /* coreml_demoApp.swift */ = {isa = PBXFileReference; lastKnownFileType = sourcecode.swift; path = coreml_demoApp.swift; sourceTree = "<group>"; };
		22208A9525952BEE0048A8C5 /* ContentView.swift */ = {isa = PBXFileReference; lastKnownFileType = sourcecode.swift; path = ContentView.swift; sourceTree = "<group>"; };
		22208A9725952BF10048A8C5 /* Assets.xcassets */ = {isa = PBXFileReference; lastKnownFileType = folder.assetcatalog; path = Assets.xcassets; sourceTree = "<group>"; };
		22208A9A25952BF10048A8C5 /* Preview Assets.xcassets */ = {isa = PBXFileReference; lastKnownFileType = folder.assetcatalog; path = "Preview Assets.xcassets"; sourceTree = "<group>"; };
		22208A9C25952BF10048A8C5 /* Info.plist */ = {isa = PBXFileReference; lastKnownFileType = text.plist.xml; path = Info.plist; sourceTree = "<group>"; };
		22208AA125952BF20048A8C5 /* coreml_demoTests.xctest */ = {isa = PBXFileReference; explicitFileType = wrapper.cfbundle; includeInIndex = 0; path = coreml_demoTests.xctest; sourceTree = BUILT_PRODUCTS_DIR; };
		22208AA525952BF20048A8C5 /* coreml_demoTests.swift */ = {isa = PBXFileReference; lastKnownFileType = sourcecode.swift; path = coreml_demoTests.swift; sourceTree = "<group>"; };
		22208AA725952BF20048A8C5 /* Info.plist */ = {isa = PBXFileReference; lastKnownFileType = text.plist.xml; path = Info.plist; sourceTree = "<group>"; };
		22208AAC25952BF20048A8C5 /* coreml_demoUITests.xctest */ = {isa = PBXFileReference; explicitFileType = wrapper.cfbundle; includeInIndex = 0; path = coreml_demoUITests.xctest; sourceTree = BUILT_PRODUCTS_DIR; };
		22208AB025952BF20048A8C5 /* coreml_demoUITests.swift */ = {isa = PBXFileReference; lastKnownFileType = sourcecode.swift; path = coreml_demoUITests.swift; sourceTree = "<group>"; };
		22208AB225952BF20048A8C5 /* Info.plist */ = {isa = PBXFileReference; lastKnownFileType = text.plist.xml; path = Info.plist; sourceTree = "<group>"; };
		22208B20259587510048A8C5 /* bhousing.mlmodel */ = {isa = PBXFileReference; lastKnownFileType = file.mlmodel; path = bhousing.mlmodel; sourceTree = "<group>"; };
/* End PBXFileReference section */

/* Begin PBXFrameworksBuildPhase section */
		22208A8D25952BEE0048A8C5 /* Frameworks */ = {
			isa = PBXFrameworksBuildPhase;
			buildActionMask = 2147483647;
			files = (
			);
			runOnlyForDeploymentPostprocessing = 0;
		};
		22208A9E25952BF20048A8C5 /* Frameworks */ = {
			isa = PBXFrameworksBuildPhase;
			buildActionMask = 2147483647;
			files = (
			);
			runOnlyForDeploymentPostprocessing = 0;
		};
		22208AA925952BF20048A8C5 /* Frameworks */ = {
			isa = PBXFrameworksBuildPhase;
			buildActionMask = 2147483647;
			files = (
			);
			runOnlyForDeploymentPostprocessing = 0;
		};
/* End PBXFrameworksBuildPhase section */

/* Begin PBXGroup section */
		22208A8725952BEE0048A8C5 = {
			isa = PBXGroup;
			children = (
				22208A9225952BEE0048A8C5 /* coreml_demo */,
				22208AA425952BF20048A8C5 /* coreml_demoTests */,
				22208AAF25952BF20048A8C5 /* coreml_demoUITests */,
				22208A9125952BEE0048A8C5 /* Products */,
			);
			sourceTree = "<group>";
		};
		22208A9125952BEE0048A8C5 /* Products */ = {
			isa = PBXGroup;
			children = (
				22208A9025952BEE0048A8C5 /* coreml_demo.app */,
				22208AA125952BF20048A8C5 /* coreml_demoTests.xctest */,
				22208AAC25952BF20048A8C5 /* coreml_demoUITests.xctest */,
			);
			name = Products;
			sourceTree = "<group>";
		};
		22208A9225952BEE0048A8C5 /* coreml_demo */ = {
			isa = PBXGroup;
			children = (
				22208A9325952BEE0048A8C5 /* coreml_demoApp.swift */,
				22208B20259587510048A8C5 /* bhousing.mlmodel */,
				22208A9525952BEE0048A8C5 /* ContentView.swift */,
				22208A9725952BF10048A8C5 /* Assets.xcassets */,
				22208A9C25952BF10048A8C5 /* Info.plist */,
				22208A9925952BF10048A8C5 /* Preview Content */,
			);
			path = coreml_demo;
			sourceTree = "<group>";
		};
		22208A9925952BF10048A8C5 /* Preview Content */ = {
			isa = PBXGroup;
			children = (
				22208A9A25952BF10048A8C5 /* Preview Assets.xcassets */,
			);
			path = "Preview Content";
			sourceTree = "<group>";
		};
		22208AA425952BF20048A8C5 /* coreml_demoTests */ = {
			isa = PBXGroup;
			children = (
				22208AA525952BF20048A8C5 /* coreml_demoTests.swift */,
				22208AA725952BF20048A8C5 /* Info.plist */,
			);
			path = coreml_demoTests;
			sourceTree = "<group>";
		};
		22208AAF25952BF20048A8C5 /* coreml_demoUITests */ = {
			isa = PBXGroup;
			children = (
				22208AB025952BF20048A8C5 /* coreml_demoUITests.swift */,
				22208AB225952BF20048A8C5 /* Info.plist */,
			);
			path = coreml_demoUITests;
			sourceTree = "<group>";
		};
/* End PBXGroup section */

/* Begin PBXNativeTarget section */
		22208A8F25952BEE0048A8C5 /* coreml_demo */ = {
			isa = PBXNativeTarget;
			buildConfigurationList = 22208AB525952BF20048A8C5 /* Build configuration list for PBXNativeTarget "coreml_demo" */;
			buildPhases = (
				22208A8C25952BEE0048A8C5 /* Sources */,
				22208A8D25952BEE0048A8C5 /* Frameworks */,
				22208A8E25952BEE0048A8C5 /* Resources */,
			);
			buildRules = (
			);
			dependencies = (
			);
			name = coreml_demo;
			productName = coreml_demo;
			productReference = 22208A9025952BEE0048A8C5 /* coreml_demo.app */;
			productType = "com.apple.product-type.application";
		};
		22208AA025952BF20048A8C5 /* coreml_demoTests */ = {
			isa = PBXNativeTarget;
			buildConfigurationList = 22208AB825952BF20048A8C5 /* Build configuration list for PBXNativeTarget "coreml_demoTests" */;
			buildPhases = (
				22208A9D25952BF20048A8C5 /* Sources */,
				22208A9E25952BF20048A8C5 /* Frameworks */,
				22208A9F25952BF20048A8C5 /* Resources */,
			);
			buildRules = (
			);
			dependencies = (
				22208AA325952BF20048A8C5 /* PBXTargetDependency */,
			);
			name = coreml_demoTests;
			productName = coreml_demoTests;
			productReference = 22208AA125952BF20048A8C5 /* coreml_demoTests.xctest */;
			productType = "com.apple.product-type.bundle.unit-test";
		};
		22208AAB25952BF20048A8C5 /* coreml_demoUITests */ = {
			isa = PBXNativeTarget;
			buildConfigurationList = 22208ABB25952BF20048A8C5 /* Build configuration list for PBXNativeTarget "coreml_demoUITests" */;
			buildPhases = (
				22208AA825952BF20048A8C5 /* Sources */,
				22208AA925952BF20048A8C5 /* Frameworks */,
				22208AAA25952BF20048A8C5 /* Resources */,
			);
			buildRules = (
			);
			dependencies = (
				22208AAE25952BF20048A8C5 /* PBXTargetDependency */,
			);
			name = coreml_demoUITests;
			productName = coreml_demoUITests;
			productReference = 22208AAC25952BF20048A8C5 /* coreml_demoUITests.xctest */;
			productType = "com.apple.product-type.bundle.ui-testing";
		};
/* End PBXNativeTarget section */

/* Begin PBXProject section */
		22208A8825952BEE0048A8C5 /* Project object */ = {
			isa = PBXProject;
			attributes = {
				LastSwiftUpdateCheck = 1230;
				LastUpgradeCheck = 1230;
				TargetAttributes = {
					22208A8F25952BEE0048A8C5 = {
						CreatedOnToolsVersion = 12.3;
					};
					22208AA025952BF20048A8C5 = {
						CreatedOnToolsVersion = 12.3;
						TestTargetID = 22208A8F25952BEE0048A8C5;
					};
					22208AAB25952BF20048A8C5 = {
						CreatedOnToolsVersion = 12.3;
						TestTargetID = 22208A8F25952BEE0048A8C5;
					};
				};
			};
			buildConfigurationList = 22208A8B25952BEE0048A8C5 /* Build configuration list for PBXProject "coreml_demo" */;
			compatibilityVersion = "Xcode 9.3";
			developmentRegion = en;
			hasScannedForEncodings = 0;
			knownRegions = (
				en,
				Base,
			);
			mainGroup = 22208A8725952BEE0048A8C5;
			productRefGroup = 22208A9125952BEE0048A8C5 /* Products */;
			projectDirPath = "";
			projectRoot = "";
			targets = (
				22208A8F25952BEE0048A8C5 /* coreml_demo */,
				22208AA025952BF20048A8C5 /* coreml_demoTests */,
				22208AAB25952BF20048A8C5 /* coreml_demoUITests */,
			);
		};
/* End PBXProject section */

/* Begin PBXResourcesBuildPhase section */
		22208A8E25952BEE0048A8C5 /* Resources */ = {
			isa = PBXResourcesBuildPhase;
			buildActionMask = 2147483647;
			files = (
				22208A9B25952BF10048A8C5 /* Preview Assets.xcassets in Resources */,
				22208A9825952BF10048A8C5 /* Assets.xcassets in Resources */,
			);
			runOnlyForDeploymentPostprocessing = 0;
		};
		22208A9F25952BF20048A8C5 /* Resources */ = {
			isa = PBXResourcesBuildPhase;
			buildActionMask = 2147483647;
			files = (
			);
			runOnlyForDeploymentPostprocessing = 0;
		};
		22208AAA25952BF20048A8C5 /* Resources */ = {
			isa = PBXResourcesBuildPhase;
			buildActionMask = 2147483647;
			files = (
			);
			runOnlyForDeploymentPostprocessing = 0;
		};
/* End PBXResourcesBuildPhase section */

/* Begin PBXSourcesBuildPhase section */
		22208A8C25952BEE0048A8C5 /* Sources */ = {
			isa = PBXSourcesBuildPhase;
			buildActionMask = 2147483647;
			files = (
				22208A9625952BEE0048A8C5 /* ContentView.swift in Sources */,
				22208A9425952BEE0048A8C5 /* coreml_demoApp.swift in Sources */,
				22208B21259587510048A8C5 /* bhousing.mlmodel in Sources */,
			);
			runOnlyForDeploymentPostprocessing = 0;
		};
		22208A9D25952BF20048A8C5 /* Sources */ = {
			isa = PBXSourcesBuildPhase;
			buildActionMask = 2147483647;
			files = (
				22208AA625952BF20048A8C5 /* coreml_demoTests.swift in Sources */,
			);
			runOnlyForDeploymentPostprocessing = 0;
		};
		22208AA825952BF20048A8C5 /* Sources */ = {
			isa = PBXSourcesBuildPhase;
			buildActionMask = 2147483647;
			files = (
				22208AB125952BF20048A8C5 /* coreml_demoUITests.swift in Sources */,
			);
			runOnlyForDeploymentPostprocessing = 0;
		};
/* End PBXSourcesBuildPhase section */

/* Begin PBXTargetDependency section */
		22208AA325952BF20048A8C5 /* PBXTargetDependency */ = {
			isa = PBXTargetDependency;
			target = 22208A8F25952BEE0048A8C5 /* coreml_demo */;
			targetProxy = 22208AA225952BF20048A8C5 /* PBXContainerItemProxy */;
		};
		22208AAE25952BF20048A8C5 /* PBXTargetDependency */ = {
			isa = PBXTargetDependency;
			target = 22208A8F25952BEE0048A8C5 /* coreml_demo */;
			targetProxy = 22208AAD25952BF20048A8C5 /* PBXContainerItemProxy */;
		};
/* End PBXTargetDependency section */

/* Begin XCBuildConfiguration section */
		22208AB325952BF20048A8C5 /* Debug */ = {
			isa = XCBuildConfiguration;
			buildSettings = {
				ALWAYS_SEARCH_USER_PATHS = NO;
				CLANG_ANALYZER_NONNULL = YES;
				CLANG_ANALYZER_NUMBER_OBJECT_CONVERSION = YES_AGGRESSIVE;
				CLANG_CXX_LANGUAGE_STANDARD = "gnu++14";
				CLANG_CXX_LIBRARY = "libc++";
				CLANG_ENABLE_MODULES = YES;
				CLANG_ENABLE_OBJC_ARC = YES;
				CLANG_ENABLE_OBJC_WEAK = YES;
				CLANG_WARN_BLOCK_CAPTURE_AUTORELEASING = YES;
				CLANG_WARN_BOOL_CONVERSION = YES;
				CLANG_WARN_COMMA = YES;
				CLANG_WARN_CONSTANT_CONVERSION = YES;
				CLANG_WARN_DEPRECATED_OBJC_IMPLEMENTATIONS = YES;
				CLANG_WARN_DIRECT_OBJC_ISA_USAGE = YES_ERROR;
				CLANG_WARN_DOCUMENTATION_COMMENTS = YES;
				CLANG_WARN_EMPTY_BODY = YES;
				CLANG_WARN_ENUM_CONVERSION = YES;
				CLANG_WARN_INFINITE_RECURSION = YES;
				CLANG_WARN_INT_CONVERSION = YES;
				CLANG_WARN_NON_LITERAL_NULL_CONVERSION = YES;
				CLANG_WARN_OBJC_IMPLICIT_RETAIN_SELF = YES;
				CLANG_WARN_OBJC_LITERAL_CONVERSION = YES;
				CLANG_WARN_OBJC_ROOT_CLASS = YES_ERROR;
				CLANG_WARN_QUOTED_INCLUDE_IN_FRAMEWORK_HEADER = YES;
				CLANG_WARN_RANGE_LOOP_ANALYSIS = YES;
				CLANG_WARN_STRICT_PROTOTYPES = YES;
				CLANG_WARN_SUSPICIOUS_MOVE = YES;
				CLANG_WARN_UNGUARDED_AVAILABILITY = YES_AGGRESSIVE;
				CLANG_WARN_UNREACHABLE_CODE = YES;
				CLANG_WARN__DUPLICATE_METHOD_MATCH = YES;
				COPY_PHASE_STRIP = NO;
				DEBUG_INFORMATION_FORMAT = dwarf;
				ENABLE_STRICT_OBJC_MSGSEND = YES;
				ENABLE_TESTABILITY = YES;
				GCC_C_LANGUAGE_STANDARD = gnu11;
				GCC_DYNAMIC_NO_PIC = NO;
				GCC_NO_COMMON_BLOCKS = YES;
				GCC_OPTIMIZATION_LEVEL = 0;
				GCC_PREPROCESSOR_DEFINITIONS = (
					"DEBUG=1",
					"$(inherited)",
				);
				GCC_WARN_64_TO_32_BIT_CONVERSION = YES;
				GCC_WARN_ABOUT_RETURN_TYPE = YES_ERROR;
				GCC_WARN_UNDECLARED_SELECTOR = YES;
				GCC_WARN_UNINITIALIZED_AUTOS = YES_AGGRESSIVE;
				GCC_WARN_UNUSED_FUNCTION = YES;
				GCC_WARN_UNUSED_VARIABLE = YES;
				IPHONEOS_DEPLOYMENT_TARGET = 14.3;
				MTL_ENABLE_DEBUG_INFO = INCLUDE_SOURCE;
				MTL_FAST_MATH = YES;
				ONLY_ACTIVE_ARCH = YES;
				SDKROOT = iphoneos;
				SWIFT_ACTIVE_COMPILATION_CONDITIONS = DEBUG;
				SWIFT_OPTIMIZATION_LEVEL = "-Onone";
			};
			name = Debug;
		};
		22208AB425952BF20048A8C5 /* Release */ = {
			isa = XCBuildConfiguration;
			buildSettings = {
				ALWAYS_SEARCH_USER_PATHS = NO;
				CLANG_ANALYZER_NONNULL = YES;
				CLANG_ANALYZER_NUMBER_OBJECT_CONVERSION = YES_AGGRESSIVE;
				CLANG_CXX_LANGUAGE_STANDARD = "gnu++14";
				CLANG_CXX_LIBRARY = "libc++";
				CLANG_ENABLE_MODULES = YES;
				CLANG_ENABLE_OBJC_ARC = YES;
				CLANG_ENABLE_OBJC_WEAK = YES;
				CLANG_WARN_BLOCK_CAPTURE_AUTORELEASING = YES;
				CLANG_WARN_BOOL_CONVERSION = YES;
				CLANG_WARN_COMMA = YES;
				CLANG_WARN_CONSTANT_CONVERSION = YES;
				CLANG_WARN_DEPRECATED_OBJC_IMPLEMENTATIONS = YES;
				CLANG_WARN_DIRECT_OBJC_ISA_USAGE = YES_ERROR;
				CLANG_WARN_DOCUMENTATION_COMMENTS = YES;
				CLANG_WARN_EMPTY_BODY = YES;
				CLANG_WARN_ENUM_CONVERSION = YES;
				CLANG_WARN_INFINITE_RECURSION = YES;
				CLANG_WARN_INT_CONVERSION = YES;
				CLANG_WARN_NON_LITERAL_NULL_CONVERSION = YES;
				CLANG_WARN_OBJC_IMPLICIT_RETAIN_SELF = YES;
				CLANG_WARN_OBJC_LITERAL_CONVERSION = YES;
				CLANG_WARN_OBJC_ROOT_CLASS = YES_ERROR;
				CLANG_WARN_QUOTED_INCLUDE_IN_FRAMEWORK_HEADER = YES;
				CLANG_WARN_RANGE_LOOP_ANALYSIS = YES;
				CLANG_WARN_STRICT_PROTOTYPES = YES;
				CLANG_WARN_SUSPICIOUS_MOVE = YES;
				CLANG_WARN_UNGUARDED_AVAILABILITY = YES_AGGRESSIVE;
				CLANG_WARN_UNREACHABLE_CODE = YES;
				CLANG_WARN__DUPLICATE_METHOD_MATCH = YES;
				COPY_PHASE_STRIP = NO;
				DEBUG_INFORMATION_FORMAT = "dwarf-with-dsym";
				ENABLE_NS_ASSERTIONS = NO;
				ENABLE_STRICT_OBJC_MSGSEND = YES;
				GCC_C_LANGUAGE_STANDARD = gnu11;
				GCC_NO_COMMON_BLOCKS = YES;
				GCC_WARN_64_TO_32_BIT_CONVERSION = YES;
				GCC_WARN_ABOUT_RETURN_TYPE = YES_ERROR;
				GCC_WARN_UNDECLARED_SELECTOR = YES;
				GCC_WARN_UNINITIALIZED_AUTOS = YES_AGGRESSIVE;
				GCC_WARN_UNUSED_FUNCTION = YES;
				GCC_WARN_UNUSED_VARIABLE = YES;
				IPHONEOS_DEPLOYMENT_TARGET = 14.3;
				MTL_ENABLE_DEBUG_INFO = NO;
				MTL_FAST_MATH = YES;
				SDKROOT = iphoneos;
				SWIFT_COMPILATION_MODE = wholemodule;
				SWIFT_OPTIMIZATION_LEVEL = "-O";
				VALIDATE_PRODUCT = YES;
			};
			name = Release;
		};
		22208AB625952BF20048A8C5 /* Debug */ = {
			isa = XCBuildConfiguration;
			buildSettings = {
				ASSETCATALOG_COMPILER_APPICON_NAME = AppIcon;
				ASSETCATALOG_COMPILER_GLOBAL_ACCENT_COLOR_NAME = AccentColor;
				CODE_SIGN_STYLE = Automatic;
				DEVELOPMENT_ASSET_PATHS = "\"coreml_demo/Preview Content\"";
				DEVELOPMENT_TEAM = P4Q324Q98J;
				ENABLE_PREVIEWS = YES;
				INFOPLIST_FILE = coreml_demo/Info.plist;
				IPHONEOS_DEPLOYMENT_TARGET = 14.0;
				LD_RUNPATH_SEARCH_PATHS = (
					"$(inherited)",
					"@executable_path/Frameworks",
				);
				PRODUCT_BUNDLE_IDENTIFIER = "patrick.long.coreml-demo";
				PRODUCT_NAME = "$(TARGET_NAME)";
				SWIFT_VERSION = 5.0;
				TARGETED_DEVICE_FAMILY = "1,2";
			};
			name = Debug;
		};
		22208AB725952BF20048A8C5 /* Release */ = {
			isa = XCBuildConfiguration;
			buildSettings = {
				ASSETCATALOG_COMPILER_APPICON_NAME = AppIcon;
				ASSETCATALOG_COMPILER_GLOBAL_ACCENT_COLOR_NAME = AccentColor;
				CODE_SIGN_STYLE = Automatic;
				DEVELOPMENT_ASSET_PATHS = "\"coreml_demo/Preview Content\"";
				DEVELOPMENT_TEAM = P4Q324Q98J;
				ENABLE_PREVIEWS = YES;
				INFOPLIST_FILE = coreml_demo/Info.plist;
				IPHONEOS_DEPLOYMENT_TARGET = 14.0;
				LD_RUNPATH_SEARCH_PATHS = (
					"$(inherited)",
					"@executable_path/Frameworks",
				);
				PRODUCT_BUNDLE_IDENTIFIER = "patrick.long.coreml-demo";
				PRODUCT_NAME = "$(TARGET_NAME)";
				SWIFT_VERSION = 5.0;
				TARGETED_DEVICE_FAMILY = "1,2";
			};
			name = Release;
		};
		22208AB925952BF20048A8C5 /* Debug */ = {
			isa = XCBuildConfiguration;
			buildSettings = {
				ALWAYS_EMBED_SWIFT_STANDARD_LIBRARIES = YES;
				BUNDLE_LOADER = "$(TEST_HOST)";
				CODE_SIGN_STYLE = Automatic;
				DEVELOPMENT_TEAM = P4Q324Q98J;
				INFOPLIST_FILE = coreml_demoTests/Info.plist;
				IPHONEOS_DEPLOYMENT_TARGET = 14.0;
				LD_RUNPATH_SEARCH_PATHS = (
					"$(inherited)",
					"@executable_path/Frameworks",
					"@loader_path/Frameworks",
				);
				PRODUCT_BUNDLE_IDENTIFIER = "patrick.long.coreml-demoTests";
				PRODUCT_NAME = "$(TARGET_NAME)";
				SWIFT_VERSION = 5.0;
				TARGETED_DEVICE_FAMILY = "1,2";
				TEST_HOST = "$(BUILT_PRODUCTS_DIR)/coreml_demo.app/coreml_demo";
			};
			name = Debug;
		};
		22208ABA25952BF20048A8C5 /* Release */ = {
			isa = XCBuildConfiguration;
			buildSettings = {
				ALWAYS_EMBED_SWIFT_STANDARD_LIBRARIES = YES;
				BUNDLE_LOADER = "$(TEST_HOST)";
				CODE_SIGN_STYLE = Automatic;
				DEVELOPMENT_TEAM = P4Q324Q98J;
				INFOPLIST_FILE = coreml_demoTests/Info.plist;
				IPHONEOS_DEPLOYMENT_TARGET = 14.0;
				LD_RUNPATH_SEARCH_PATHS = (
					"$(inherited)",
					"@executable_path/Frameworks",
					"@loader_path/Frameworks",
				);
				PRODUCT_BUNDLE_IDENTIFIER = "patrick.long.coreml-demoTests";
				PRODUCT_NAME = "$(TARGET_NAME)";
				SWIFT_VERSION = 5.0;
				TARGETED_DEVICE_FAMILY = "1,2";
				TEST_HOST = "$(BUILT_PRODUCTS_DIR)/coreml_demo.app/coreml_demo";
			};
			name = Release;
		};
		22208ABC25952BF20048A8C5 /* Debug */ = {
			isa = XCBuildConfiguration;
			buildSettings = {
				ALWAYS_EMBED_SWIFT_STANDARD_LIBRARIES = YES;
				CODE_SIGN_STYLE = Automatic;
				DEVELOPMENT_TEAM = P4Q324Q98J;
				INFOPLIST_FILE = coreml_demoUITests/Info.plist;
				LD_RUNPATH_SEARCH_PATHS = (
					"$(inherited)",
					"@executable_path/Frameworks",
					"@loader_path/Frameworks",
				);
				PRODUCT_BUNDLE_IDENTIFIER = "patrick.long.coreml-demoUITests";
				PRODUCT_NAME = "$(TARGET_NAME)";
				SWIFT_VERSION = 5.0;
				TARGETED_DEVICE_FAMILY = "1,2";
				TEST_TARGET_NAME = coreml_demo;
			};
			name = Debug;
		};
		22208ABD25952BF20048A8C5 /* Release */ = {
			isa = XCBuildConfiguration;
			buildSettings = {
				ALWAYS_EMBED_SWIFT_STANDARD_LIBRARIES = YES;
				CODE_SIGN_STYLE = Automatic;
				DEVELOPMENT_TEAM = P4Q324Q98J;
				INFOPLIST_FILE = coreml_demoUITests/Info.plist;
				LD_RUNPATH_SEARCH_PATHS = (
					"$(inherited)",
					"@executable_path/Frameworks",
					"@loader_path/Frameworks",
				);
				PRODUCT_BUNDLE_IDENTIFIER = "patrick.long.coreml-demoUITests";
				PRODUCT_NAME = "$(TARGET_NAME)";
				SWIFT_VERSION = 5.0;
				TARGETED_DEVICE_FAMILY = "1,2";
				TEST_TARGET_NAME = coreml_demo;
			};
			name = Release;
		};
/* End XCBuildConfiguration section */

/* Begin XCConfigurationList section */
		22208A8B25952BEE0048A8C5 /* Build configuration list for PBXProject "coreml_demo" */ = {
			isa = XCConfigurationList;
			buildConfigurations = (
				22208AB325952BF20048A8C5 /* Debug */,
				22208AB425952BF20048A8C5 /* Release */,
			);
			defaultConfigurationIsVisible = 0;
			defaultConfigurationName = Release;
		};
		22208AB525952BF20048A8C5 /* Build configuration list for PBXNativeTarget "coreml_demo" */ = {
			isa = XCConfigurationList;
			buildConfigurations = (
				22208AB625952BF20048A8C5 /* Debug */,
				22208AB725952BF20048A8C5 /* Release */,
			);
			defaultConfigurationIsVisible = 0;
			defaultConfigurationName = Release;
		};
		22208AB825952BF20048A8C5 /* Build configuration list for PBXNativeTarget "coreml_demoTests" */ = {
			isa = XCConfigurationList;
			buildConfigurations = (
				22208AB925952BF20048A8C5 /* Debug */,
				22208ABA25952BF20048A8C5 /* Release */,
			);
			defaultConfigurationIsVisible = 0;
			defaultConfigurationName = Release;
		};
		22208ABB25952BF20048A8C5 /* Build configuration list for PBXNativeTarget "coreml_demoUITests" */ = {
			isa = XCConfigurationList;
			buildConfigurations = (
				22208ABC25952BF20048A8C5 /* Debug */,
				22208ABD25952BF20048A8C5 /* Release */,
			);
			defaultConfigurationIsVisible = 0;
			defaultConfigurationName = Release;
		};
/* End XCConfigurationList section */
	};
	rootObject = 22208A8825952BEE0048A8C5 /* Project object */;
}
